
Microsoft Visual Studio Solution File, Format Version 12.00
# Visual Studio 15
VisualStudioVersion = 15.0.28307.168
MinimumVisualStudioVersion = 10.0.40219.1
Project("{FAE04EC0-301F-11D3-BF4B-00C04F79EFBC}") = "PropertyChangedEventExp", "PropertyChangedEventExp\PropertyChangedEventExp.csproj", "{AE37E6AD-0A9E-43C5-8B13-834A912C29AD}"
EndProject
Global
	GlobalSection(SolutionConfigurationPlatforms) = preSolution
		Debug|Any CPU = Debug|Any CPU
		Release|Any CPU = Release|Any CPU
	EndGlobalSection
	GlobalSection(ProjectConfigurationPlatforms) = postSolution
		{AE37E6AD-0A9E-43C5-8B13-834A912C29AD}.Debug|Any CPU.ActiveCfg = Debug|Any CPU
		{AE37E6AD-0A9E-43C5-8B13-834A912C29AD}.Debug|Any CPU.Build.0 = Debug|Any CPU
		{AE37E6AD-0A9E-43C5-8B13-834A912C29AD}.Release|Any CPU.ActiveCfg = Release|Any CPU
		{AE37E6AD-0A9E-43C5-8B13-834A912C29AD}.Release|Any CPU.Build.0 = Release|Any CPU
	EndGlobalSection
	GlobalSection(SolutionProperties) = preSolution
		HideSolutionNode = FALSE
	EndGlobalSection
	GlobalSection(ExtensibilityGlobals) = postSolution
		SolutionGuid = {5865D6FE-3ABA-4E05-AA7B-17F03C8843E7}
	EndGlobalSection
EndGlobal
